PODS:
  - Alamofire (5.0.0-rc.3)
  - IGListDiffKit (4.0.0)
  - IGListKit (4.0.0):
    - IGListDiffKit (= 4.0.0)
  - Moya (14.0.0-beta.5):
    - Moya/Core (= 14.0.0-beta.5)
  - Moya/Core (14.0.0-beta.5):
    - Alamofire (= 5.0.0-rc.3)
  - Moya/RxSwift (14.0.0-beta.5):
    - Moya/Core
    - RxSwift (~> 5.0)
  - Nuke (8.3.1)
  - RxCocoa (5.0.1):
    - RxRelay (~> 5)
    - RxSwift (~> 5)
  - RxNuke (0.11.0):
    - Nuke (~> 8.0)
    - RxSwift (~> 5.0)
  - RxRelay (5.0.1):
    - RxSwift (~> 5)
  - RxSwift (5.0.1)
  - RxSwiftExt (5.2.0):
    - RxSwiftExt/Core (= 5.2.0)
    - RxSwiftExt/RxCocoa (= 5.2.0)
  - RxSwiftExt/Core (5.2.0):
    - RxSwift (~> 5.0)
  - RxSwiftExt/RxCocoa (5.2.0):
    - RxCocoa (~> 5.0)
    - RxSwiftExt/Core
  - SnapKit (5.0.1)
  - SwiftLint (0.37.0)

DEPENDENCIES:
  - IGListKit (~> 4.0)
  - Moya (~> 14.0.0-beta.5)
  - Moya/RxSwift (~> 14.0.0-beta.5)
  - Nuke (= 8.3.1)
  - RxCocoa (~> 5)
  - RxNuke (= 0.11.0)
  - RxSwift (~> 5)
  - RxSwiftExt (~> 5)
  - SnapKit
  - SwiftLint

SPEC REPOS:
  trunk:
    - Alamofire
    - IGListDiffKit
    - IGListKit
    - Moya
    - Nuke
    - RxCocoa
    - RxNuke
    - RxRelay
    - RxSwift
    - RxSwiftExt
    - SnapKit
    - SwiftLint

SPEC CHECKSUMS:
  Alamofire: ca8c0de6906873be89d6deec5c8de279e00bf872
  IGListDiffKit: 665d6cf43ce726e676013db9c7d6c4294259b6b2
  IGListKit: fd5a5d21935298f5849fa49d426843cff97b77c7
  Moya: 2c16c3fe92eda302070213452281b59198f946d8
  Nuke: 85fb80f8df0cb26c28d2f4e0cb7fb93bcd6548d3
  RxCocoa: e741b9749968e8a143e2b787f1dfbff2b63d0a5c
  RxNuke: 7c56f40f26bc3ec715cff5f5355119ca7989b010
  RxRelay: 89d54507f4fd4d969e6ec1d4bd7f3673640b4640
  RxSwift: e2dc62b366a3adf6a0be44ba9f405efd4c94e0c4
  RxSwiftExt: 4ca80336f43c28f11a2825cdd2fc61dd6c044697
  SnapKit: 97b92857e3df3a0c71833cce143274bf6ef8e5eb
  SwiftLint: c078a14d7d7ade75e5507795d185e3da41d844d2

PODFILE CHECKSUM: 10a2452dc2c511c2b1b90e1b21fe88d696ed18cb

COCOAPODS: 1.9.3
